<?xml version="1.0" encoding="utf-8"?>
<Project ToolsVersion="4.0" xmlns="http://schemas.microsoft.com/developer/msbuild/2003">
  <ItemGroup>
    <Filter Include="Source Files">
      <UniqueIdentifier>{4FC737F1-C7A5-4376-A066-2A32D752A2FF}</UniqueIdentifier>
      <Extensions>cpp;c;cc;cxx;def;odl;idl;hpj;bat;asm;asmx</Extensions>
    </Filter>
    <Filter Include="Header Files">
      <UniqueIdentifier>{93995380-89BD-4b04-88EB-625FBE52EBFB}</UniqueIdentifier>
      <Extensions>h;hh;hpp;hxx;hm;inl;inc;xsd</Extensions>
    </Filter>
    <Filter Include="Resource Files">
      <UniqueIdentifier>{67DA6AB6-F800-4c08-8B7A-83BB121AAD01}</UniqueIdentifier>
      <Extensions>rc;ico;cur;bmp;dlg;rc2;rct;bin;rgs;gif;jpg;jpeg;jpe;resx;tiff;tif;png;wav;mfcribbon-ms</Extensions>
    </Filter>
    <Filter Include="Techniques">
      <UniqueIdentifier>{dca86b6d-28a8-4d65-86ef-622eda6d99dd}</UniqueIdentifier>
    </Filter>
    <Filter Include="Techniques\Src">
      <UniqueIdentifier>{dfcd2fb6-68e2-4595-b737-01c2d187fdd6}</UniqueIdentifier>
    </Filter>
  </ItemGroup>
  <ItemGroup>
    <ClCompile Include="main.cpp">
      <Filter>Source Files</Filter>
    </ClCompile>
    <ClCompile Include="PerfTimer.cpp">
      <Filter>Source Files</Filter>
    </ClCompile>
    <ClCompile Include="PerfFramework.cpp">
      <Filter>Source Files</Filter>
    </ClCompile>
    <ClCompile Include="DisplayLists.cpp">
      <Filter>Techniques\Src</Filter>
    </ClCompile>
    <ClCompile Include="GeometryShader.cpp">
      <Filter>Techniques\Src</Filter>
    </ClCompile>
    <ClCompile Include="QuadGeom.cpp">
      <Filter>Techniques\Src</Filter>
    </ClCompile>
    <ClCompile Include="Vaos.cpp">
      <Filter>Techniques\Src</Filter>
    </ClCompile>
    <ClCompile Include="Instanced.cpp">
      <Filter>Techniques\Src</Filter>
    </ClCompile>
    <ClCompile Include="ComapctDisplayLists.cpp">
      <Filter>Techniques\Src</Filter>
    </ClCompile>
    <ClCompile Include="HybridInstanced.cpp">
      <Filter>Techniques\Src</Filter>
    </ClCompile>
    <ClCompile Include="SignedDistanceFields.cpp">
      <Filter>Techniques\Src</Filter>
    </ClCompile>
    <ClCompile Include="LayerMarching.cpp">
      <Filter>Techniques\Src</Filter>
    </ClCompile>
  </ItemGroup>
  <ItemGroup>
    <ClInclude Include="PerfTimer.h">
      <Filter>Header Files</Filter>
    </ClInclude>
    <ClInclude Include="PerfFramework.h">
      <Filter>Header Files</Filter>
    </ClInclude>
    <ClInclude Include="Voxels.h">
      <Filter>Header Files</Filter>
    </ClInclude>
    <ClInclude Include="DisplayLists.h">
      <Filter>Techniques</Filter>
    </ClInclude>
    <ClInclude Include="GeometryShader.h">
      <Filter>Techniques</Filter>
    </ClInclude>
    <ClInclude Include="QuadGeom.h">
      <Filter>Techniques</Filter>
    </ClInclude>
    <ClInclude Include="Vaos.h">
      <Filter>Techniques</Filter>
    </ClInclude>
    <ClInclude Include="Instanced.h">
      <Filter>Techniques</Filter>
    </ClInclude>
    <ClInclude Include="CompactDisplayLists.h">
      <Filter>Techniques</Filter>
    </ClInclude>
    <ClInclude Include="HybridInstanced.h">
      <Filter>Techniques</Filter>
    </ClInclude>
    <ClInclude Include="SignedDistanceFields.h">
      <Filter>Techniques</Filter>
    </ClInclude>
    <ClInclude Include="LayerMarching.h">
      <Filter>Techniques</Filter>
    </ClInclude>
  </ItemGroup>
</Project>